
Microsoft Visual Studio Solution File, Format Version 12.00
# Visual Studio Version 16
VisualStudioVersion = 16.0.31005.135
MinimumVisualStudioVersion = 10.0.40219.1
Project("{FAE04EC0-301F-11D3-BF4B-00C04F79EFBC}") = "CraigsRobot", "CraigsRobot\CraigsRobot.csproj", "{0CA81FB1-4629-483E-BC6F-9D2E17851698}"
EndProject
Project("{FAE04EC0-301F-11D3-BF4B-00C04F79EFBC}") = "CraigsRobot.Core", "CraigsRobot.Core\CraigsRobot.Core.csproj", "{38564767-4165-4445-934D-9B195F91AC0B}"
EndProject
Project("{FAE04EC0-301F-11D3-BF4B-00C04F79EFBC}") = "CraigsRobot.Core.Tests", "CraigsRobot.Core.Tests\CraigsRobot.Core.Tests.csproj", "{9A383176-B6D9-44C2-A2CF-93864D401BCF}"
EndProject
Project("{FAE04EC0-301F-11D3-BF4B-00C04F79EFBC}") = "CraigsRobot.CorevNext", "CraigsRobot.CorevNext\CraigsRobot.CorevNext.csproj", "{6D9A98BC-2D53-4BFA-B7B7-A5A7B095D70E}"
EndProject
Global
	GlobalSection(SolutionConfigurationPlatforms) = preSolution
		Debug|Any CPU = Debug|Any CPU
		Debug|ARM = Debug|ARM
		Debug|ARM64 = Debug|ARM64
		Debug|x64 = Debug|x64
		Debug|x86 = Debug|x86
		Release|Any CPU = Release|Any CPU
		Release|ARM = Release|ARM
		Release|ARM64 = Release|ARM64
		Release|x64 = Release|x64
		Release|x86 = Release|x86
	EndGlobalSection
	GlobalSection(ProjectConfigurationPlatforms) = postSolution
		{0CA81FB1-4629-483E-BC6F-9D2E17851698}.Debug|Any CPU.ActiveCfg = Debug|x86
		{0CA81FB1-4629-483E-BC6F-9D2E17851698}.Debug|ARM.ActiveCfg = Debug|ARM
		{0CA81FB1-4629-483E-BC6F-9D2E17851698}.Debug|ARM.Build.0 = Debug|ARM
		{0CA81FB1-4629-483E-BC6F-9D2E17851698}.Debug|ARM.Deploy.0 = Debug|ARM
		{0CA81FB1-4629-483E-BC6F-9D2E17851698}.Debug|ARM64.ActiveCfg = Debug|ARM64
		{0CA81FB1-4629-483E-BC6F-9D2E17851698}.Debug|ARM64.Build.0 = Debug|ARM64
		{0CA81FB1-4629-483E-BC6F-9D2E17851698}.Debug|ARM64.Deploy.0 = Debug|ARM64
		{0CA81FB1-4629-483E-BC6F-9D2E17851698}.Debug|x64.ActiveCfg = Debug|x64
		{0CA81FB1-4629-483E-BC6F-9D2E17851698}.Debug|x64.Build.0 = Debug|x64
		{0CA81FB1-4629-483E-BC6F-9D2E17851698}.Debug|x64.Deploy.0 = Debug|x64
		{0CA81FB1-4629-483E-BC6F-9D2E17851698}.Debug|x86.ActiveCfg = Debug|x86
		{0CA81FB1-4629-483E-BC6F-9D2E17851698}.Debug|x86.Build.0 = Debug|x86
		{0CA81FB1-4629-483E-BC6F-9D2E17851698}.Debug|x86.Deploy.0 = Debug|x86
		{0CA81FB1-4629-483E-BC6F-9D2E17851698}.Release|Any CPU.ActiveCfg = Release|x86
		{0CA81FB1-4629-483E-BC6F-9D2E17851698}.Release|ARM.ActiveCfg = Release|ARM
		{0CA81FB1-4629-483E-BC6F-9D2E17851698}.Release|ARM.Build.0 = Release|ARM
		{0CA81FB1-4629-483E-BC6F-9D2E17851698}.Release|ARM.Deploy.0 = Release|ARM
		{0CA81FB1-4629-483E-BC6F-9D2E17851698}.Release|ARM64.ActiveCfg = Release|ARM64
		{0CA81FB1-4629-483E-BC6F-9D2E17851698}.Release|ARM64.Build.0 = Release|ARM64
		{0CA81FB1-4629-483E-BC6F-9D2E17851698}.Release|ARM64.Deploy.0 = Release|ARM64
		{0CA81FB1-4629-483E-BC6F-9D2E17851698}.Release|x64.ActiveCfg = Release|x64
		{0CA81FB1-4629-483E-BC6F-9D2E17851698}.Release|x64.Build.0 = Release|x64
		{0CA81FB1-4629-483E-BC6F-9D2E17851698}.Release|x64.Deploy.0 = Release|x64
		{0CA81FB1-4629-483E-BC6F-9D2E17851698}.Release|x86.ActiveCfg = Release|x86
		{0CA81FB1-4629-483E-BC6F-9D2E17851698}.Release|x86.Build.0 = Release|x86
		{0CA81FB1-4629-483E-BC6F-9D2E17851698}.Release|x86.Deploy.0 = Release|x86
		{38564767-4165-4445-934D-9B195F91AC0B}.Debug|Any CPU.ActiveCfg = Debug|Any CPU
		{38564767-4165-4445-934D-9B195F91AC0B}.Debug|Any CPU.Build.0 = Debug|Any CPU
		{38564767-4165-4445-934D-9B195F91AC0B}.Debug|ARM.ActiveCfg = Debug|ARM
		{38564767-4165-4445-934D-9B195F91AC0B}.Debug|ARM.Build.0 = Debug|ARM
		{38564767-4165-4445-934D-9B195F91AC0B}.Debug|ARM64.ActiveCfg = Debug|ARM64
		{38564767-4165-4445-934D-9B195F91AC0B}.Debug|ARM64.Build.0 = Debug|ARM64
		{38564767-4165-4445-934D-9B195F91AC0B}.Debug|x64.ActiveCfg = Debug|x64
		{38564767-4165-4445-934D-9B195F91AC0B}.Debug|x64.Build.0 = Debug|x64
		{38564767-4165-4445-934D-9B195F91AC0B}.Debug|x86.ActiveCfg = Debug|x86
		{38564767-4165-4445-934D-9B195F91AC0B}.Debug|x86.Build.0 = Debug|x86
		{38564767-4165-4445-934D-9B195F91AC0B}.Release|Any CPU.ActiveCfg = Release|Any CPU
		{38564767-4165-4445-934D-9B195F91AC0B}.Release|Any CPU.Build.0 = Release|Any CPU
		{38564767-4165-4445-934D-9B195F91AC0B}.Release|ARM.ActiveCfg = Release|ARM
		{38564767-4165-4445-934D-9B195F91AC0B}.Release|ARM.Build.0 = Release|ARM
		{38564767-4165-4445-934D-9B195F91AC0B}.Release|ARM64.ActiveCfg = Release|ARM64
		{38564767-4165-4445-934D-9B195F91AC0B}.Release|ARM64.Build.0 = Release|ARM64
		{38564767-4165-4445-934D-9B195F91AC0B}.Release|x64.ActiveCfg = Release|x64
		{38564767-4165-4445-934D-9B195F91AC0B}.Release|x64.Build.0 = Release|x64
		{38564767-4165-4445-934D-9B195F91AC0B}.Release|x86.ActiveCfg = Release|x86
		{38564767-4165-4445-934D-9B195F91AC0B}.Release|x86.Build.0 = Release|x86
		{9A383176-B6D9-44C2-A2CF-93864D401BCF}.Debug|Any CPU.ActiveCfg = Debug|x86
		{9A383176-B6D9-44C2-A2CF-93864D401BCF}.Debug|ARM.ActiveCfg = Debug|ARM
		{9A383176-B6D9-44C2-A2CF-93864D401BCF}.Debug|ARM.Build.0 = Debug|ARM
		{9A383176-B6D9-44C2-A2CF-93864D401BCF}.Debug|ARM.Deploy.0 = Debug|ARM
		{9A383176-B6D9-44C2-A2CF-93864D401BCF}.Debug|ARM64.ActiveCfg = Debug|ARM64
		{9A383176-B6D9-44C2-A2CF-93864D401BCF}.Debug|ARM64.Build.0 = Debug|ARM64
		{9A383176-B6D9-44C2-A2CF-93864D401BCF}.Debug|ARM64.Deploy.0 = Debug|ARM64
		{9A383176-B6D9-44C2-A2CF-93864D401BCF}.Debug|x64.ActiveCfg = Debug|x64
		{9A383176-B6D9-44C2-A2CF-93864D401BCF}.Debug|x64.Build.0 = Debug|x64
		{9A383176-B6D9-44C2-A2CF-93864D401BCF}.Debug|x64.Deploy.0 = Debug|x64
		{9A383176-B6D9-44C2-A2CF-93864D401BCF}.Debug|x86.ActiveCfg = Debug|x86
		{9A383176-B6D9-44C2-A2CF-93864D401BCF}.Debug|x86.Build.0 = Debug|x86
		{9A383176-B6D9-44C2-A2CF-93864D401BCF}.Debug|x86.Deploy.0 = Debug|x86
		{9A383176-B6D9-44C2-A2CF-93864D401BCF}.Release|Any CPU.ActiveCfg = Release|x86
		{9A383176-B6D9-44C2-A2CF-93864D401BCF}.Release|ARM.ActiveCfg = Release|ARM
		{9A383176-B6D9-44C2-A2CF-93864D401BCF}.Release|ARM.Build.0 = Release|ARM
		{9A383176-B6D9-44C2-A2CF-93864D401BCF}.Release|ARM.Deploy.0 = Release|ARM
		{9A383176-B6D9-44C2-A2CF-93864D401BCF}.Release|ARM64.ActiveCfg = Release|ARM64
		{9A383176-B6D9-44C2-A2CF-93864D401BCF}.Release|ARM64.Build.0 = Release|ARM64
		{9A383176-B6D9-44C2-A2CF-93864D401BCF}.Release|ARM64.Deploy.0 = Release|ARM64
		{9A383176-B6D9-44C2-A2CF-93864D401BCF}.Release|x64.ActiveCfg = Release|x64
		{9A383176-B6D9-44C2-A2CF-93864D401BCF}.Release|x64.Build.0 = Release|x64
		{9A383176-B6D9-44C2-A2CF-93864D401BCF}.Release|x64.Deploy.0 = Release|x64
		{9A383176-B6D9-44C2-A2CF-93864D401BCF}.Release|x86.ActiveCfg = Release|x86
		{9A383176-B6D9-44C2-A2CF-93864D401BCF}.Release|x86.Build.0 = Release|x86
		{9A383176-B6D9-44C2-A2CF-93864D401BCF}.Release|x86.Deploy.0 = Release|x86
		{6D9A98BC-2D53-4BFA-B7B7-A5A7B095D70E}.Debug|Any CPU.ActiveCfg = Debug|Any CPU
		{6D9A98BC-2D53-4BFA-B7B7-A5A7B095D70E}.Debug|Any CPU.Build.0 = Debug|Any CPU
		{6D9A98BC-2D53-4BFA-B7B7-A5A7B095D70E}.Debug|ARM.ActiveCfg = Debug|Any CPU
		{6D9A98BC-2D53-4BFA-B7B7-A5A7B095D70E}.Debug|ARM.Build.0 = Debug|Any CPU
		{6D9A98BC-2D53-4BFA-B7B7-A5A7B095D70E}.Debug|ARM64.ActiveCfg = Debug|Any CPU
		{6D9A98BC-2D53-4BFA-B7B7-A5A7B095D70E}.Debug|ARM64.Build.0 = Debug|Any CPU
		{6D9A98BC-2D53-4BFA-B7B7-A5A7B095D70E}.Debug|x64.ActiveCfg = Debug|Any CPU
		{6D9A98BC-2D53-4BFA-B7B7-A5A7B095D70E}.Debug|x64.Build.0 = Debug|Any CPU
		{6D9A98BC-2D53-4BFA-B7B7-A5A7B095D70E}.Debug|x86.ActiveCfg = Debug|Any CPU
		{6D9A98BC-2D53-4BFA-B7B7-A5A7B095D70E}.Debug|x86.Build.0 = Debug|Any CPU
		{6D9A98BC-2D53-4BFA-B7B7-A5A7B095D70E}.Release|Any CPU.ActiveCfg = Release|Any CPU
		{6D9A98BC-2D53-4BFA-B7B7-A5A7B095D70E}.Release|Any CPU.Build.0 = Release|Any CPU
		{6D9A98BC-2D53-4BFA-B7B7-A5A7B095D70E}.Release|ARM.ActiveCfg = Release|Any CPU
		{6D9A98BC-2D53-4BFA-B7B7-A5A7B095D70E}.Release|ARM.Build.0 = Release|Any CPU
		{6D9A98BC-2D53-4BFA-B7B7-A5A7B095D70E}.Release|ARM64.ActiveCfg = Release|Any CPU
		{6D9A98BC-2D53-4BFA-B7B7-A5A7B095D70E}.Release|ARM64.Build.0 = Release|Any CPU
		{6D9A98BC-2D53-4BFA-B7B7-A5A7B095D70E}.Release|x64.ActiveCfg = Release|Any CPU
		{6D9A98BC-2D53-4BFA-B7B7-A5A7B095D70E}.Release|x64.Build.0 = Release|Any CPU
		{6D9A98BC-2D53-4BFA-B7B7-A5A7B095D70E}.Release|x86.ActiveCfg = Release|Any CPU
		{6D9A98BC-2D53-4BFA-B7B7-A5A7B095D70E}.Release|x86.Build.0 = Release|Any CPU
	EndGlobalSection
	GlobalSection(SolutionProperties) = preSolution
		HideSolutionNode = FALSE
	EndGlobalSection
	GlobalSection(ExtensibilityGlobals) = postSolution
		SolutionGuid = {FE9A47B8-9873-488F-8DE4-9A5D533F74B7}
	EndGlobalSection
EndGlobal
